// !$*UTF8*$!
{
	archiveVersion = 1;
	classes = {
	};
	objectVersion = 77;
	objects = {

/* Begin PBXBuildFile section */
		66EC966B2FCD4E7000BA27AD /* AriseApp.swift in Sources */ = {isa = PBXBuildFile; fileRef = 66EC96672FCD4E7000BA27AD /* AriseApp.swift */; };
		66EC966C2FCD4E7000BA27AD /* ContentView.swift in Sources */ = {isa = PBXBuildFile; fileRef = 66EC96692FCD4E7000BA27AD /* ContentView.swift */; };
		66EC966D2FCD4E7000BA27AD /* Assets.xcassets in Resources */ = {isa = PBXBuildFile; fileRef = 66EC96682FCD4E7000BA27AD /* Assets.xcassets */; };
		66EC96832FCD4F6300BA27AD /* RxCocoa in Frameworks */ = {isa = PBXBuildFile; productRef = 66EC96822FCD4F6300BA27AD /* RxCocoa */; };
		66EC96852FCD4F6300BA27AD /* RxSwift in Frameworks */ = {isa = PBXBuildFile; productRef = 66EC96842FCD4F6300BA27AD /* RxSwift */; };
		66EC96882FCD503600BA27AD /* RealmSwift in Frameworks */ = {isa = PBXBuildFile; productRef = 66EC96872FCD503600BA27AD /* RealmSwift */; };
		66EC96A52FCD521200BA27AD /* User.swift in Sources */ = {isa = PBXBuildFile; fileRef = 66EC96A42FCD521200BA27AD /* User.swift */; };
		66EC96A72FCD549000BA27AD /* Double+Ext.swift in Sources */ = {isa = PBXBuildFile; fileRef = 66EC96A62FCD549000BA27AD /* Double+Ext.swift */; };
		66EC96C22FCD5AD100BA27AD /* HealthMetric.swift in Sources */ = {isa = PBXBuildFile; fileRef = 66EC96C12FCD5AD100BA27AD /* HealthMetric.swift */; };
/* End PBXBuildFile section */

/* Begin PBXCopyFilesBuildPhase section */
		66EC968A2FCD505600BA27AD /* Embed Frameworks */ = {
			isa = PBXCopyFilesBuildPhase;
			buildActionMask = 2147483647;
			dstPath = "";
			dstSubfolderSpec = 10;
			files = (
			);
			name = "Embed Frameworks";
			runOnlyForDeploymentPostprocessing = 0;
		};
/* End PBXCopyFilesBuildPhase section */

/* Begin PBXFileReference section */
		66EC964D2FCD4D9C00BA27AD /* Arise.app */ = {isa = PBXFileReference; explicitFileType = wrapper.application; includeInIndex = 0; path = Arise.app; sourceTree = BUILT_PRODUCTS_DIR; };
		66EC96672FCD4E7000BA27AD /* AriseApp.swift */ = {isa = PBXFileReference; lastKnownFileType = sourcecode.swift; path = AriseApp.swift; sourceTree = "<group>"; };
		66EC96682FCD4E7000BA27AD /* Assets.xcassets */ = {isa = PBXFileReference; lastKnownFileType = folder.assetcatalog; path = Assets.xcassets; sourceTree = "<group>"; };
		66EC96692FCD4E7000BA27AD /* ContentView.swift */ = {isa = PBXFileReference; lastKnownFileType = sourcecode.swift; path = ContentView.swift; sourceTree = "<group>"; };
		66EC96A42FCD521200BA27AD /* User.swift */ = {isa = PBXFileReference; lastKnownFileType = sourcecode.swift; path = User.swift; sourceTree = "<group>"; };
		66EC96A62FCD549000BA27AD /* Double+Ext.swift */ = {isa = PBXFileReference; lastKnownFileType = sourcecode.swift; path = "Double+Ext.swift"; sourceTree = "<group>"; };
		66EC96C12FCD5AD100BA27AD /* HealthMetric.swift */ = {isa = PBXFileReference; lastKnownFileType = sourcecode.swift; path = HealthMetric.swift; sourceTree = "<group>"; };
/* End PBXFileReference section */

/* Begin PBXFrameworksBuildPhase section */
		66EC964A2FCD4D9C00BA27AD /* Frameworks */ = {
			isa = PBXFrameworksBuildPhase;
			buildActionMask = 2147483647;
			files = (
				66EC96882FCD503600BA27AD /* RealmSwift in Frameworks */,
				66EC96852FCD4F6300BA27AD /* RxSwift in Frameworks */,
				66EC96832FCD4F6300BA27AD /* RxCocoa in Frameworks */,
			);
			runOnlyForDeploymentPostprocessing = 0;
		};
/* End PBXFrameworksBuildPhase section */

/* Begin PBXGroup section */
		66EC96442FCD4D9C00BA27AD = {
			isa = PBXGroup;
			children = (
				66EC966A2FCD4E7000BA27AD /* Arise */,
				66EC964E2FCD4D9C00BA27AD /* Products */,
			);
			sourceTree = "<group>";
		};
		66EC964E2FCD4D9C00BA27AD /* Products */ = {
			isa = PBXGroup;
			children = (
				66EC964D2FCD4D9C00BA27AD /* Arise.app */,
			);
			name = Products;
			sourceTree = "<group>";
		};
		66EC966A2FCD4E7000BA27AD /* Arise */ = {
			isa = PBXGroup;
			children = (
				66EC966E2FCD4E7700BA27AD /* Core */,
				66EC96722FCD4E9C00BA27AD /* Domian */,
				66EC96712FCD4E9600BA27AD /* Data */,
				66EC96702FCD4E8B00BA27AD /* Presentation */,
				66EC966F2FCD4E8200BA27AD /* Resources */,
				66EC96672FCD4E7000BA27AD /* AriseApp.swift */,
				66EC96682FCD4E7000BA27AD /* Assets.xcassets */,
				66EC96692FCD4E7000BA27AD /* ContentView.swift */,
			);
			path = Arise;
			sourceTree = "<group>";
		};
		66EC966E2FCD4E7700BA27AD /* Core */ = {
			isa = PBXGroup;
			children = (
				66EC96742FCD4EAF00BA27AD /* DI */,
				66EC96732FCD4EA700BA27AD /* Extensions */,
			);
			path = Core;
			sourceTree = "<group>";
		};
		66EC966F2FCD4E8200BA27AD /* Resources */ = {
			isa = PBXGroup;
			children = (
				66EC96802FCD4F1200BA27AD /* Fonts */,
				66EC967F2FCD4F0900BA27AD /* Assets */,
			);
			path = Resources;
			sourceTree = "<group>";
		};
		66EC96702FCD4E8B00BA27AD /* Presentation */ = {
			isa = PBXGroup;
			children = (
				66EC967E2FCD4F0200BA27AD /* Common */,
				66EC967D2FCD4EFB00BA27AD /* Dashboard */,
				66EC967C2FCD4EF500BA27AD /* Workout */,
				66EC967B2FCD4EEE00BA27AD /* Profile */,
			);
			path = Presentation;
			sourceTree = "<group>";
		};
		66EC96712FCD4E9600BA27AD /* Data */ = {
			isa = PBXGroup;
			children = (
				66EC967A2FCD4EDC00BA27AD /* Repostories */,
				66EC96792FCD4ED500BA27AD /* Services */,
				66EC96782FCD4ECE00BA27AD /* DTOs */,
			);
			path = Data;
			sourceTree = "<group>";
		};
		66EC96722FCD4E9C00BA27AD /* Domian */ = {
			isa = PBXGroup;
			children = (
				66EC96772FCD4EC300BA27AD /* Entities */,
				66EC96762FCD4EBB00BA27AD /* Interfaces */,
				66EC96752FCD4EB300BA27AD /* UseCases */,
			);
			path = Domian;
			sourceTree = "<group>";
		};
		66EC96732FCD4EA700BA27AD /* Extensions */ = {
			isa = PBXGroup;
			children = (
				66EC96A62FCD549000BA27AD /* Double+Ext.swift */,
			);
			path = Extensions;
			sourceTree = "<group>";
		};
		66EC96742FCD4EAF00BA27AD /* DI */ = {
			isa = PBXGroup;
			children = (
			);
			path = DI;
			sourceTree = "<group>";
		};
		66EC96752FCD4EB300BA27AD /* UseCases */ = {
			isa = PBXGroup;
			children = (
			);
			path = UseCases;
			sourceTree = "<group>";
		};
		66EC96762FCD4EBB00BA27AD /* Interfaces */ = {
			isa = PBXGroup;
			children = (
			);
			path = Interfaces;
			sourceTree = "<group>";
		};
		66EC96772FCD4EC300BA27AD /* Entities */ = {
			isa = PBXGroup;
			children = (
				66EC96A42FCD521200BA27AD /* User.swift */,
				66EC96C12FCD5AD100BA27AD /* HealthMetric.swift */,
			);
			path = Entities;
			sourceTree = "<group>";
		};
		66EC96782FCD4ECE00BA27AD /* DTOs */ = {
			isa = PBXGroup;
			children = (
			);
			path = DTOs;
			sourceTree = "<group>";
		};
		66EC96792FCD4ED500BA27AD /* Services */ = {
			isa = PBXGroup;
			children = (
			);
			path = Services;
			sourceTree = "<group>";
		};
		66EC967A2FCD4EDC00BA27AD /* Repostories */ = {
			isa = PBXGroup;
			children = (
			);
			path = Repostories;
			sourceTree = "<group>";
		};
		66EC967B2FCD4EEE00BA27AD /* Profile */ = {
			isa = PBXGroup;
			children = (
			);
			path = Profile;
			sourceTree = "<group>";
		};
		66EC967C2FCD4EF500BA27AD /* Workout */ = {
			isa = PBXGroup;
			children = (
			);
			path = Workout;
			sourceTree = "<group>";
		};
		66EC967D2FCD4EFB00BA27AD /* Dashboard */ = {
			isa = PBXGroup;
			children = (
			);
			path = Dashboard;
			sourceTree = "<group>";
		};
		66EC967E2FCD4F0200BA27AD /* Common */ = {
			isa = PBXGroup;
			children = (
			);
			path = Common;
			sourceTree = "<group>";
		};
		66EC967F2FCD4F0900BA27AD /* Assets */ = {
			isa = PBXGroup;
			children = (
			);
			path = Assets;
			sourceTree = "<group>";
		};
		66EC96802FCD4F1200BA27AD /* Fonts */ = {
			isa = PBXGroup;
			children = (
			);
			path = Fonts;
			sourceTree = "<group>";
		};
/* End PBXGroup section */

/* Begin PBXNativeTarget section */
		66EC964C2FCD4D9C00BA27AD /* Arise */ = {
			isa = PBXNativeTarget;
			buildConfigurationList = 66EC96582FCD4D9D00BA27AD /* Build configuration list for PBXNativeTarget "Arise" */;
			buildPhases = (
				66EC96492FCD4D9C00BA27AD /* Sources */,
				66EC964A2FCD4D9C00BA27AD /* Frameworks */,
				66EC964B2FCD4D9C00BA27AD /* Resources */,
				66EC968A2FCD505600BA27AD /* Embed Frameworks */,
			);
			buildRules = (
			);
			dependencies = (
			);
			name = Arise;
			packageProductDependencies = (
				66EC96822FCD4F6300BA27AD /* RxCocoa */,
				66EC96842FCD4F6300BA27AD /* RxSwift */,
				66EC96872FCD503600BA27AD /* RealmSwift */,
			);
			productName = Arise;
			productReference = 66EC964D2FCD4D9C00BA27AD /* Arise.app */;
			productType = "com.apple.product-type.application";
		};
/* End PBXNativeTarget section */

/* Begin PBXProject section */
		66EC96452FCD4D9C00BA27AD /* Project object */ = {
			isa = PBXProject;
			attributes = {
				BuildIndependentTargetsInParallel = 1;
				LastSwiftUpdateCheck = 2650;
				LastUpgradeCheck = 2650;
				TargetAttributes = {
					66EC964C2FCD4D9C00BA27AD = {
						CreatedOnToolsVersion = 26.5;
					};
				};
			};
			buildConfigurationList = 66EC96482FCD4D9C00BA27AD /* Build configuration list for PBXProject "Arise" */;
			developmentRegion = en;
			hasScannedForEncodings = 0;
			knownRegions = (
				en,
				Base,
			);
			mainGroup = 66EC96442FCD4D9C00BA27AD;
			minimizedProjectReferenceProxies = 1;
			packageReferences = (
				66EC96812FCD4F6300BA27AD /* XCRemoteSwiftPackageReference "RxSwift" */,
				66EC96862FCD503600BA27AD /* XCRemoteSwiftPackageReference "realm-swift" */,
			);
			preferredProjectObjectVersion = 77;
			productRefGroup = 66EC964E2FCD4D9C00BA27AD /* Products */;
			projectDirPath = "";
			projectRoot = "";
			targets = (
				66EC964C2FCD4D9C00BA27AD /* Arise */,
			);
		};
/* End PBXProject section */

/* Begin PBXResourcesBuildPhase section */
		66EC964B2FCD4D9C00BA27AD /* Resources */ = {
			isa = PBXResourcesBuildPhase;
			buildActionMask = 2147483647;
			files = (
				66EC966D2FCD4E7000BA27AD /* Assets.xcassets in Resources */,
			);
			runOnlyForDeploymentPostprocessing = 0;
		};
/* End PBXResourcesBuildPhase section */

/* Begin PBXSourcesBuildPhase section */
		66EC96492FCD4D9C00BA27AD /* Sources */ = {
			isa = PBXSourcesBuildPhase;
			buildActionMask = 2147483647;
			files = (
				66EC966B2FCD4E7000BA27AD /* AriseApp.swift in Sources */,
				66EC966C2FCD4E7000BA27AD /* ContentView.swift in Sources */,
				66EC96A72FCD549000BA27AD /* Double+Ext.swift in Sources */,
				66EC96C22FCD5AD100BA27AD /* HealthMetric.swift in Sources */,
				66EC96A52FCD521200BA27AD /* User.swift in Sources */,
			);
			runOnlyForDeploymentPostprocessing = 0;
		};
/* End PBXSourcesBuildPhase section */

/* Begin XCBuildConfiguration section */
		66EC96562FCD4D9D00BA27AD /* Debug */ = {
			isa = XCBuildConfiguration;
			buildSettings = {
				ALWAYS_SEARCH_USER_PATHS = NO;
				ASSETCATALOG_COMPILER_GENERATE_SWIFT_ASSET_SYMBOL_EXTENSIONS = YES;
				CLANG_ANALYZER_NONNULL = YES;
				CLANG_ANALYZER_NUMBER_OBJECT_CONVERSION = YES_AGGRESSIVE;
				CLANG_CXX_LANGUAGE_STANDARD = "gnu++20";
				CLANG_ENABLE_MODULES = YES;
				CLANG_ENABLE_OBJC_ARC = YES;
				CLANG_ENABLE_OBJC_WEAK = YES;
				CLANG_WARN_BLOCK_CAPTURE_AUTORELEASING = YES;
				CLANG_WARN_BOOL_CONVERSION = YES;
				CLANG_WARN_COMMA = YES;
				CLANG_WARN_CONSTANT_CONVERSION = YES;
				CLANG_WARN_DEPRECATED_OBJC_IMPLEMENTATIONS = YES;
				CLANG_WARN_DIRECT_OBJC_ISA_USAGE = YES_ERROR;
				CLANG_WARN_DOCUMENTATION_COMMENTS = YES;
				CLANG_WARN_EMPTY_BODY = YES;
				CLANG_WARN_ENUM_CONVERSION = YES;
				CLANG_WARN_INFINITE_RECURSION = YES;
				CLANG_WARN_INT_CONVERSION = YES;
				CLANG_WARN_NON_LITERAL_NULL_CONVERSION = YES;
				CLANG_WARN_OBJC_IMPLICIT_RETAIN_SELF = YES;
				CLANG_WARN_OBJC_LITERAL_CONVERSION = YES;
				CLANG_WARN_OBJC_ROOT_CLASS = YES_ERROR;
				CLANG_WARN_QUOTED_INCLUDE_IN_FRAMEWORK_HEADER = YES;
				CLANG_WARN_RANGE_LOOP_ANALYSIS = YES;
				CLANG_WARN_STRICT_PROTOTYPES = YES;
				CLANG_WARN_SUSPICIOUS_MOVE = YES;
				CLANG_WARN_UNGUARDED_AVAILABILITY = YES_AGGRESSIVE;
				CLANG_WARN_UNREACHABLE_CODE = YES;
				CLANG_WARN__DUPLICATE_METHOD_MATCH = YES;
				COPY_PHASE_STRIP = NO;
				DEBUG_INFORMATION_FORMAT = dwarf;
				DEVELOPMENT_TEAM = 782Y4VGK55;
				ENABLE_STRICT_OBJC_MSGSEND = YES;
				ENABLE_TESTABILITY = YES;
				ENABLE_USER_SCRIPT_SANDBOXING = YES;
				GCC_C_LANGUAGE_STANDARD = gnu17;
				GCC_DYNAMIC_NO_PIC = NO;
				GCC_NO_COMMON_BLOCKS = YES;
				GCC_OPTIMIZATION_LEVEL = 0;
				GCC_PREPROCESSOR_DEFINITIONS = (
					"DEBUG=1",
					"$(inherited)",
				);
				GCC_WARN_64_TO_32_BIT_CONVERSION = YES;
				GCC_WARN_ABOUT_RETURN_TYPE = YES_ERROR;
				GCC_WARN_UNDECLARED_SELECTOR = YES;
				GCC_WARN_UNINITIALIZED_AUTOS = YES_AGGRESSIVE;
				GCC_WARN_UNUSED_FUNCTION = YES;
				GCC_WARN_UNUSED_VARIABLE = YES;
				IPHONEOS_DEPLOYMENT_TARGET = 17.6;
				LOCALIZATION_PREFERS_STRING_CATALOGS = YES;
				MTL_ENABLE_DEBUG_INFO = INCLUDE_SOURCE;
				MTL_FAST_MATH = YES;
				ONLY_ACTIVE_ARCH = YES;
				SDKROOT = iphoneos;
				SWIFT_ACTIVE_COMPILATION_CONDITIONS = "DEBUG $(inherited)";
				SWIFT_OPTIMIZATION_LEVEL = "-Onone";
			};
			name = Debug;
		};
		66EC96572FCD4D9D00BA27AD /* Release */ = {
			isa = XCBuildConfiguration;
			buildSettings = {
				ALWAYS_SEARCH_USER_PATHS = NO;
				ASSETCATALOG_COMPILER_GENERATE_SWIFT_ASSET_SYMBOL_EXTENSIONS = YES;
				CLANG_ANALYZER_NONNULL = YES;
				CLANG_ANALYZER_NUMBER_OBJECT_CONVERSION = YES_AGGRESSIVE;
				CLANG_CXX_LANGUAGE_STANDARD = "gnu++20";
				CLANG_ENABLE_MODULES = YES;
				CLANG_ENABLE_OBJC_ARC = YES;
				CLANG_ENABLE_OBJC_WEAK = YES;
				CLANG_WARN_BLOCK_CAPTURE_AUTORELEASING = YES;
				CLANG_WARN_BOOL_CONVERSION = YES;
				CLANG_WARN_COMMA = YES;
				CLANG_WARN_CONSTANT_CONVERSION = YES;
				CLANG_WARN_DEPRECATED_OBJC_IMPLEMENTATIONS = YES;
				CLANG_WARN_DIRECT_OBJC_ISA_USAGE = YES_ERROR;
				CLANG_WARN_DOCUMENTATION_COMMENTS = YES;
				CLANG_WARN_EMPTY_BODY = YES;
				CLANG_WARN_ENUM_CONVERSION = YES;
				CLANG_WARN_INFINITE_RECURSION = YES;
				CLANG_WARN_INT_CONVERSION = YES;
				CLANG_WARN_NON_LITERAL_NULL_CONVERSION = YES;
				CLANG_WARN_OBJC_IMPLICIT_RETAIN_SELF = YES;
				CLANG_WARN_OBJC_LITERAL_CONVERSION = YES;
				CLANG_WARN_OBJC_ROOT_CLASS = YES_ERROR;
				CLANG_WARN_QUOTED_INCLUDE_IN_FRAMEWORK_HEADER = YES;
				CLANG_WARN_RANGE_LOOP_ANALYSIS = YES;
				CLANG_WARN_STRICT_PROTOTYPES = YES;
				CLANG_WARN_SUSPICIOUS_MOVE = YES;
				CLANG_WARN_UNGUARDED_AVAILABILITY = YES_AGGRESSIVE;
				CLANG_WARN_UNREACHABLE_CODE = YES;
				CLANG_WARN__DUPLICATE_METHOD_MATCH = YES;
				COPY_PHASE_STRIP = NO;
				DEBUG_INFORMATION_FORMAT = "dwarf-with-dsym";
				DEVELOPMENT_TEAM = 782Y4VGK55;
				ENABLE_NS_ASSERTIONS = NO;
				ENABLE_STRICT_OBJC_MSGSEND = YES;
				ENABLE_USER_SCRIPT_SANDBOXING = YES;
				GCC_C_LANGUAGE_STANDARD = gnu17;
				GCC_NO_COMMON_BLOCKS = YES;
				GCC_WARN_64_TO_32_BIT_CONVERSION = YES;
				GCC_WARN_ABOUT_RETURN_TYPE = YES_ERROR;
				GCC_WARN_UNDECLARED_SELECTOR = YES;
				GCC_WARN_UNINITIALIZED_AUTOS = YES_AGGRESSIVE;
				GCC_WARN_UNUSED_FUNCTION = YES;
				GCC_WARN_UNUSED_VARIABLE = YES;
				IPHONEOS_DEPLOYMENT_TARGET = 17.6;
				LOCALIZATION_PREFERS_STRING_CATALOGS = YES;
				MTL_ENABLE_DEBUG_INFO = NO;
				MTL_FAST_MATH = YES;
				SDKROOT = iphoneos;
				SWIFT_COMPILATION_MODE = wholemodule;
				VALIDATE_PRODUCT = YES;
			};
			name = Release;
		};
		66EC96592FCD4D9D00BA27AD /* Debug */ = {
			isa = XCBuildConfiguration;
			buildSettings = {
				ASSETCATALOG_COMPILER_APPICON_NAME = AppIcon;
				ASSETCATALOG_COMPILER_GLOBAL_ACCENT_COLOR_NAME = AccentColor;
				CODE_SIGN_STYLE = Automatic;
				CURRENT_PROJECT_VERSION = 1;
				DEVELOPMENT_TEAM = 782Y4VGK55;
				ENABLE_PREVIEWS = YES;
				GENERATE_INFOPLIST_FILE = YES;
				INFOPLIST_KEY_LSApplicationCategoryType = "public.app-category.finance";
				INFOPLIST_KEY_UIApplicationSceneManifest_Generation = YES;
				INFOPLIST_KEY_UIApplicationSupportsIndirectInputEvents = YES;
				INFOPLIST_KEY_UILaunchScreen_Generation = YES;
				INFOPLIST_KEY_UISupportedInterfaceOrientations = UIInterfaceOrientationPortrait;
				INFOPLIST_KEY_UISupportedInterfaceOrientations_iPad = "UIInterfaceOrientationLandscapeLeft UIInterfaceOrientationLandscapeRight UIInterfaceOrientationPortrait UIInterfaceOrientationPortraitUpsideDown";
				IPHONEOS_DEPLOYMENT_TARGET = 17.6;
				LD_RUNPATH_SEARCH_PATHS = (
					"$(inherited)",
					"@executable_path/Frameworks",
				);
				MARKETING_VERSION = 1.0;
				PRODUCT_BUNDLE_IDENTIFIER = com.kirito.project.Arise;
				PRODUCT_NAME = "$(TARGET_NAME)";
				STRING_CATALOG_GENERATE_SYMBOLS = YES;
				SWIFT_APPROACHABLE_CONCURRENCY = YES;
				SWIFT_DEFAULT_ACTOR_ISOLATION = MainActor;
				SWIFT_EMIT_LOC_STRINGS = YES;
				SWIFT_UPCOMING_FEATURE_MEMBER_IMPORT_VISIBILITY = YES;
				SWIFT_VERSION = 5.0;
				TARGETED_DEVICE_FAMILY = 1;
			};
			name = Debug;
		};
		66EC965A2FCD4D9D00BA27AD /* Release */ = {
			isa = XCBuildConfiguration;
			buildSettings = {
				ASSETCATALOG_COMPILER_APPICON_NAME = AppIcon;
				ASSETCATALOG_COMPILER_GLOBAL_ACCENT_COLOR_NAME = AccentColor;
				CODE_SIGN_STYLE = Automatic;
				CURRENT_PROJECT_VERSION = 1;
				DEVELOPMENT_TEAM = 782Y4VGK55;
				ENABLE_PREVIEWS = YES;
				GENERATE_INFOPLIST_FILE = YES;
				INFOPLIST_KEY_LSApplicationCategoryType = "public.app-category.finance";
				INFOPLIST_KEY_UIApplicationSceneManifest_Generation = YES;
				INFOPLIST_KEY_UIApplicationSupportsIndirectInputEvents = YES;
				INFOPLIST_KEY_UILaunchScreen_Generation = YES;
				INFOPLIST_KEY_UISupportedInterfaceOrientations = UIInterfaceOrientationPortrait;
				INFOPLIST_KEY_UISupportedInterfaceOrientations_iPad = "UIInterfaceOrientationLandscapeLeft UIInterfaceOrientationLandscapeRight UIInterfaceOrientationPortrait UIInterfaceOrientationPortraitUpsideDown";
				IPHONEOS_DEPLOYMENT_TARGET = 17.6;
				LD_RUNPATH_SEARCH_PATHS = (
					"$(inherited)",
					"@executable_path/Frameworks",
				);
				MARKETING_VERSION = 1.0;
				PRODUCT_BUNDLE_IDENTIFIER = com.kirito.project.Arise;
				PRODUCT_NAME = "$(TARGET_NAME)";
				STRING_CATALOG_GENERATE_SYMBOLS = YES;
				SWIFT_APPROACHABLE_CONCURRENCY = YES;
				SWIFT_DEFAULT_ACTOR_ISOLATION = MainActor;
				SWIFT_EMIT_LOC_STRINGS = YES;
				SWIFT_UPCOMING_FEATURE_MEMBER_IMPORT_VISIBILITY = YES;
				SWIFT_VERSION = 5.0;
				TARGETED_DEVICE_FAMILY = 1;
			};
			name = Release;
		};
/* End XCBuildConfiguration section */

/* Begin XCConfigurationList section */
		66EC96482FCD4D9C00BA27AD /* Build configuration list for PBXProject "Arise" */ = {
			isa = XCConfigurationList;
			buildConfigurations = (
				66EC96562FCD4D9D00BA27AD /* Debug */,
				66EC96572FCD4D9D00BA27AD /* Release */,
			);
			defaultConfigurationIsVisible = 0;
			defaultConfigurationName = Release;
		};
		66EC96582FCD4D9D00BA27AD /* Build configuration list for PBXNativeTarget "Arise" */ = {
			isa = XCConfigurationList;
			buildConfigurations = (
				66EC96592FCD4D9D00BA27AD /* Debug */,
				66EC965A2FCD4D9D00BA27AD /* Release */,
			);
			defaultConfigurationIsVisible = 0;
			defaultConfigurationName = Release;
		};
/* End XCConfigurationList section */

/* Begin XCRemoteSwiftPackageReference section */
		66EC96812FCD4F6300BA27AD /* XCRemoteSwiftPackageReference "RxSwift" */ = {
			isa = XCRemoteSwiftPackageReference;
			repositoryURL = "https://github.com/ReactiveX/RxSwift";
			requirement = {
				kind = upToNextMajorVersion;
				minimumVersion = 6.10.2;
			};
		};
		66EC96862FCD503600BA27AD /* XCRemoteSwiftPackageReference "realm-swift" */ = {
			isa = XCRemoteSwiftPackageReference;
			repositoryURL = "https://github.com/realm/realm-swift";
			requirement = {
				branch = community;
				kind = branch;
			};
		};
/* End XCRemoteSwiftPackageReference section */

/* Begin XCSwiftPackageProductDependency section */
		66EC96822FCD4F6300BA27AD /* RxCocoa */ = {
			isa = XCSwiftPackageProductDependency;
			package = 66EC96812FCD4F6300BA27AD /* XCRemoteSwiftPackageReference "RxSwift" */;
			productName = RxCocoa;
		};
		66EC96842FCD4F6300BA27AD /* RxSwift */ = {
			isa = XCSwiftPackageProductDependency;
			package = 66EC96812FCD4F6300BA27AD /* XCRemoteSwiftPackageReference "RxSwift" */;
			productName = RxSwift;
		};
		66EC96872FCD503600BA27AD /* RealmSwift */ = {
			isa = XCSwiftPackageProductDependency;
			package = 66EC96862FCD503600BA27AD /* XCRemoteSwiftPackageReference "realm-swift" */;
			productName = RealmSwift;
		};
/* End XCSwiftPackageProductDependency section */
	};
	rootObject = 66EC96452FCD4D9C00BA27AD /* Project object */;
}
