// !$*UTF8*$!
{
	archiveVersion = 1;
	classes = {
	};
	objectVersion = 77;
	objects = {

/* Begin PBXBuildFile section */
		66EC966B2FCD4E7000BA27AD /* AriseApp.swift in Sources */ = {isa = PBXBuildFile; fileRef = 66EC96672FCD4E7000BA27AD /* AriseApp.swift */; };
		66EC966C2FCD4E7000BA27AD /* ContentView.swift in Sources */ = {isa = PBXBuildFile; fileRef = 66EC96692FCD4E7000BA27AD /* ContentView.swift */; };
		66EC966D2FCD4E7000BA27AD /* Assets.xcassets in Resources */ = {isa = PBXBuildFile; fileRef = 66EC96682FCD4E7000BA27AD /* Assets.xcassets */; };
		66EC96832FCD4F6300BA27AD /* RxCocoa in Frameworks */ = {isa = PBXBuildFile; productRef = 66EC96822FCD4F6300BA27AD /* RxCocoa */; };
		66EC96852FCD4F6300BA27AD /* RxSwift in Frameworks */ = {isa = PBXBuildFile; productRef = 66EC96842FCD4F6300BA27AD /* RxSwift */; };
		66EC96882FCD503600BA27AD /* RealmSwift in Frameworks */ = {isa = PBXBuildFile; productRef = 66EC96872FCD503600BA27AD /* RealmSwift */; };
		66EC96A52FCD521200BA27AD /* User.swift in Sources */ = {isa = PBXBuildFile; fileRef = 66EC96A42FCD521200BA27AD /* User.swift */; };
		66EC96A72FCD549000BA27AD /* Double+Ext.swift in Sources */ = {isa = PBXBuildFile; fileRef = 66EC96A62FCD549000BA27AD /* Double+Ext.swift */; };
		66EC96C22FCD5AD100BA27AD /* HealthMetric.swift in Sources */ = {isa = PBXBuildFile; fileRef = 66EC96C12FCD5AD100BA27AD /* HealthMetric.swift */; };
		66EC96C42FCD5E7700BA27AD /* WorkoutSession.swift in Sources */ = {isa = PBXBuildFile; fileRef = 66EC96C32FCD5E7700BA27AD /* WorkoutSession.swift */; };
		66EC96C62FCD671700BA27AD /* UserRepositoryProtocol.swift in Sources */ = {isa = PBXBuildFile; fileRef = 66EC96C52FCD671700BA27AD /* UserRepositoryProtocol.swift */; };
		66EC96C82FCD686100BA27AD /* HealthRepositoryProtocol.swift in Sources */ = {isa = PBXBuildFile; fileRef = 66EC96C72FCD686100BA27AD /* HealthRepositoryProtocol.swift */; };
		66EC96CA2FCD6A5100BA27AD /* WorkoutRepositoryProtocol.swift in Sources */ = {isa = PBXBuildFile; fileRef = 66EC96C92FCD6A5100BA27AD /* WorkoutRepositoryProtocol.swift */; };
		66EC96CC2FCD6CD700BA27AD /* LocationServiceProtocol.swift in Sources */ = {isa = PBXBuildFile; fileRef = 66EC96CB2FCD6CD700BA27AD /* LocationServiceProtocol.swift */; };
		66EC96CE2FCD6E0700BA27AD /* BluetoothServiceProtocol.swift in Sources */ = {isa = PBXBuildFile; fileRef = 66EC96CD2FCD6E0700BA27AD /* BluetoothServiceProtocol.swift */; };
		66EC96D02FCD6F6200BA27AD /* AuthServiceProtocol.swift in Sources */ = {isa = PBXBuildFile; fileRef = 66EC96CF2FCD6F6200BA27AD /* AuthServiceProtocol.swift */; };
		66EC97742FCD886F00BA27AD /* SignInUseCase.swift in Sources */ = {isa = PBXBuildFile; fileRef = 66EC97732FCD886F00BA27AD /* SignInUseCase.swift */; };
		66EC97762FCD8B5D00BA27AD /* GetCurrentUserUseCase.swift in Sources */ = {isa = PBXBuildFile; fileRef = 66EC97752FCD8B5D00BA27AD /* GetCurrentUserUseCase.swift */; };
		66EC97782FCD8CBE00BA27AD /* StartWorkoutUseCase.swift in Sources */ = {isa = PBXBuildFile; fileRef = 66EC97772FCD8CBE00BA27AD /* StartWorkoutUseCase.swift */; };
		66EC977A2FCD904700BA27AD /* StopWorkoutUseCase.swift in Sources */ = {isa = PBXBuildFile; fileRef = 66EC97792FCD904700BA27AD /* StopWorkoutUseCase.swift */; };
		66EC977C2FCD93D100BA27AD /* FetchWorkoutHistoryUseCase.swift in Sources */ = {isa = PBXBuildFile; fileRef = 66EC977B2FCD93D100BA27AD /* FetchWorkoutHistoryUseCase.swift */; };
		66EC977E2FCD947800BA27AD /* FetchHealthSummaryUseCase.swift in Sources */ = {isa = PBXBuildFile; fileRef = 66EC977D2FCD947800BA27AD /* FetchHealthSummaryUseCase.swift */; };
		66EC97A92FCE9E2700BA27AD /* RealmUser.swift in Sources */ = {isa = PBXBuildFile; fileRef = 66EC97A82FCE9E2700BA27AD /* RealmUser.swift */; };
		66EC97AB2FCE9FC900BA27AD /* RealmHealthMetric.swift in Sources */ = {isa = PBXBuildFile; fileRef = 66EC97AA2FCE9FC900BA27AD /* RealmHealthMetric.swift */; };
		66EC97AD2FCEA2A300BA27AD /* RealmWorkoutSession.swift in Sources */ = {isa = PBXBuildFile; fileRef = 66EC97AC2FCEA2A300BA27AD /* RealmWorkoutSession.swift */; };
		66EC97AF2FCEA86100BA27AD /* RealmUserRepository.swift in Sources */ = {isa = PBXBuildFile; fileRef = 66EC97AE2FCEA86100BA27AD /* RealmUserRepository.swift */; };
		66EC97B12FCEAF2700BA27AD /* RealmHealthRepostiory.swift in Sources */ = {isa = PBXBuildFile; fileRef = 66EC97B02FCEAF2700BA27AD /* RealmHealthRepostiory.swift */; };
		66EC97B32FCEB4CF00BA27AD /* RealmWorkoutRepositroy.swift in Sources */ = {isa = PBXBuildFile; fileRef = 66EC97B22FCEB4CF00BA27AD /* RealmWorkoutRepositroy.swift */; };
		66EC97B52FCEBAC900BA27AD /* KeychainAuthService.swift in Sources */ = {isa = PBXBuildFile; fileRef = 66EC97B42FCEBAC900BA27AD /* KeychainAuthService.swift */; };
		66EC97B72FCEBBD200BA27AD /* CoreLocationService.swift in Sources */ = {isa = PBXBuildFile; fileRef = 66EC97B62FCEBBD200BA27AD /* CoreLocationService.swift */; };
		66EC97B92FCEBC8200BA27AD /* CoreBluetoothService.swift in Sources */ = {isa = PBXBuildFile; fileRef = 66EC97B82FCEBC8200BA27AD /* CoreBluetoothService.swift */; };
		66EC97BB2FCEC3A400BA27AD /* AppDependencyContainer.swift in Sources */ = {isa = PBXBuildFile; fileRef = 66EC97BA2FCEC3A400BA27AD /* AppDependencyContainer.swift */; };
		66EC97BF2FCEC6CF00BA27AD /* DashboardViewModel.swift in Sources */ = {isa = PBXBuildFile; fileRef = 66EC97BE2FCEC6CF00BA27AD /* DashboardViewModel.swift */; };
		66EC97C12FCEC85100BA27AD /* WorkoutViewModel.swift in Sources */ = {isa = PBXBuildFile; fileRef = 66EC97C02FCEC85100BA27AD /* WorkoutViewModel.swift */; };
		66EC97C32FCEC93A00BA27AD /* ProfileViewModel.swift in Sources */ = {isa = PBXBuildFile; fileRef = 66EC97C22FCEC93A00BA27AD /* ProfileViewModel.swift */; };
		66EC97C52FCECA3E00BA27AD /* AppCoordinator.swift in Sources */ = {isa = PBXBuildFile; fileRef = 66EC97C42FCECA3E00BA27AD /* AppCoordinator.swift */; };
		66EC97C72FCEE40600BA27AD /* Color+Ext.swift in Sources */ = {isa = PBXBuildFile; fileRef = 66EC97C62FCEE40600BA27AD /* Color+Ext.swift */; };
		66EC97CA2FCEE9FC00BA27AD /* MetricCardView.swift in Sources */ = {isa = PBXBuildFile; fileRef = 66EC97C92FCEE9FC00BA27AD /* MetricCardView.swift */; };
		66EC97CC2FCEECFC00BA27AD /* StepsProgressView.swift in Sources */ = {isa = PBXBuildFile; fileRef = 66EC97CB2FCEECFC00BA27AD /* StepsProgressView.swift */; };
		66EC97CE2FCEF27C00BA27AD /* WorkoutHistoryRowView.swift in Sources */ = {isa = PBXBuildFile; fileRef = 66EC97CD2FCEF27C00BA27AD /* WorkoutHistoryRowView.swift */; };
		66EC97D02FCEF60800BA27AD /* DashboardView.swift in Sources */ = {isa = PBXBuildFile; fileRef = 66EC97CF2FCEF60800BA27AD /* DashboardView.swift */; };
		66EC97D32FCF20F600BA27AD /* WorkoutTypePickerView.swift in Sources */ = {isa = PBXBuildFile; fileRef = 66EC97D22FCF20F600BA27AD /* WorkoutTypePickerView.swift */; };
		66EC97D52FCF246800BA27AD /* ListMetricView.swift in Sources */ = {isa = PBXBuildFile; fileRef = 66EC97D42FCF246800BA27AD /* ListMetricView.swift */; };
		66EC97D72FCF26EC00BA27AD /* WorkoutControlButton.swift in Sources */ = {isa = PBXBuildFile; fileRef = 66EC97D62FCF26EC00BA27AD /* WorkoutControlButton.swift */; };
		66EC97D92FCF2A6400BA27AD /* WorkoutView.swift in Sources */ = {isa = PBXBuildFile; fileRef = 66EC97D82FCF2A6400BA27AD /* WorkoutView.swift */; };
		66EC97DD2FCF546C00BA27AD /* ProfileHeaderView.swift in Sources */ = {isa = PBXBuildFile; fileRef = 66EC97DC2FCF546C00BA27AD /* ProfileHeaderView.swift */; };
		66EC97DF2FCF56FF00BA27AD /* ProfileStatRowView.swift in Sources */ = {isa = PBXBuildFile; fileRef = 66EC97DE2FCF56FF00BA27AD /* ProfileStatRowView.swift */; };
		66EC97E12FCF57B600BA27AD /* ProfileView.swift in Sources */ = {isa = PBXBuildFile; fileRef = 66EC97E02FCF57B600BA27AD /* ProfileView.swift */; };
/* End PBXBuildFile section */

/* Begin PBXCopyFilesBuildPhase section */
		66EC968A2FCD505600BA27AD /* Embed Frameworks */ = {
			isa = PBXCopyFilesBuildPhase;
			buildActionMask = 2147483647;
			dstPath = "";
			dstSubfolderSpec = 10;
			files = (
			);
			name = "Embed Frameworks";
			runOnlyForDeploymentPostprocessing = 0;
		};
/* End PBXCopyFilesBuildPhase section */

/* Begin PBXFileReference section */
		66EC964D2FCD4D9C00BA27AD /* Arise.app */ = {isa = PBXFileReference; explicitFileType = wrapper.application; includeInIndex = 0; path = Arise.app; sourceTree = BUILT_PRODUCTS_DIR; };
		66EC96672FCD4E7000BA27AD /* AriseApp.swift */ = {isa = PBXFileReference; lastKnownFileType = sourcecode.swift; path = AriseApp.swift; sourceTree = "<group>"; };
		66EC96682FCD4E7000BA27AD /* Assets.xcassets */ = {isa = PBXFileReference; lastKnownFileType = folder.assetcatalog; path = Assets.xcassets; sourceTree = "<group>"; };
		66EC96692FCD4E7000BA27AD /* ContentView.swift */ = {isa = PBXFileReference; lastKnownFileType = sourcecode.swift; path = ContentView.swift; sourceTree = "<group>"; };
		66EC96A42FCD521200BA27AD /* User.swift */ = {isa = PBXFileReference; lastKnownFileType = sourcecode.swift; path = User.swift; sourceTree = "<group>"; };
		66EC96A62FCD549000BA27AD /* Double+Ext.swift */ = {isa = PBXFileReference; lastKnownFileType = sourcecode.swift; path = "Double+Ext.swift"; sourceTree = "<group>"; };
		66EC96C12FCD5AD100BA27AD /* HealthMetric.swift */ = {isa = PBXFileReference; lastKnownFileType = sourcecode.swift; path = HealthMetric.swift; sourceTree = "<group>"; };
		66EC96C32FCD5E7700BA27AD /* WorkoutSession.swift */ = {isa = PBXFileReference; lastKnownFileType = sourcecode.swift; path = WorkoutSession.swift; sourceTree = "<group>"; };
		66EC96C52FCD671700BA27AD /* UserRepositoryProtocol.swift */ = {isa = PBXFileReference; lastKnownFileType = sourcecode.swift; path = UserRepositoryProtocol.swift; sourceTree = "<group>"; };
		66EC96C72FCD686100BA27AD /* HealthRepositoryProtocol.swift */ = {isa = PBXFileReference; lastKnownFileType = sourcecode.swift; path = HealthRepositoryProtocol.swift; sourceTree = "<group>"; };
		66EC96C92FCD6A5100BA27AD /* WorkoutRepositoryProtocol.swift */ = {isa = PBXFileReference; lastKnownFileType = sourcecode.swift; path = WorkoutRepositoryProtocol.swift; sourceTree = "<group>"; };
		66EC96CB2FCD6CD700BA27AD /* LocationServiceProtocol.swift */ = {isa = PBXFileReference; lastKnownFileType = sourcecode.swift; path = LocationServiceProtocol.swift; sourceTree = "<group>"; };
		66EC96CD2FCD6E0700BA27AD /* BluetoothServiceProtocol.swift */ = {isa = PBXFileReference; lastKnownFileType = sourcecode.swift; path = BluetoothServiceProtocol.swift; sourceTree = "<group>"; };
		66EC96CF2FCD6F6200BA27AD /* AuthServiceProtocol.swift */ = {isa = PBXFileReference; lastKnownFileType = sourcecode.swift; path = AuthServiceProtocol.swift; sourceTree = "<group>"; };
		66EC97732FCD886F00BA27AD /* SignInUseCase.swift */ = {isa = PBXFileReference; lastKnownFileType = sourcecode.swift; path = SignInUseCase.swift; sourceTree = "<group>"; };
		66EC97752FCD8B5D00BA27AD /* GetCurrentUserUseCase.swift */ = {isa = PBXFileReference; lastKnownFileType = sourcecode.swift; path = GetCurrentUserUseCase.swift; sourceTree = "<group>"; };
		66EC97772FCD8CBE00BA27AD /* StartWorkoutUseCase.swift */ = {isa = PBXFileReference; lastKnownFileType = sourcecode.swift; path = StartWorkoutUseCase.swift; sourceTree = "<group>"; };
		66EC97792FCD904700BA27AD /* StopWorkoutUseCase.swift */ = {isa = PBXFileReference; lastKnownFileType = sourcecode.swift; path = StopWorkoutUseCase.swift; sourceTree = "<group>"; };
		66EC977B2FCD93D100BA27AD /* FetchWorkoutHistoryUseCase.swift */ = {isa = PBXFileReference; lastKnownFileType = sourcecode.swift; path = FetchWorkoutHistoryUseCase.swift; sourceTree = "<group>"; };
		66EC977D2FCD947800BA27AD /* FetchHealthSummaryUseCase.swift */ = {isa = PBXFileReference; lastKnownFileType = sourcecode.swift; path = FetchHealthSummaryUseCase.swift; sourceTree = "<group>"; };
		66EC97A82FCE9E2700BA27AD /* RealmUser.swift */ = {isa = PBXFileReference; lastKnownFileType = sourcecode.swift; path = RealmUser.swift; sourceTree = "<group>"; };
		66EC97AA2FCE9FC900BA27AD /* RealmHealthMetric.swift */ = {isa = PBXFileReference; lastKnownFileType = sourcecode.swift; path = RealmHealthMetric.swift; sourceTree = "<group>"; };
		66EC97AC2FCEA2A300BA27AD /* RealmWorkoutSession.swift */ = {isa = PBXFileReference; lastKnownFileType = sourcecode.swift; path = RealmWorkoutSession.swift; sourceTree = "<group>"; };
		66EC97AE2FCEA86100BA27AD /* RealmUserRepository.swift */ = {isa = PBXFileReference; lastKnownFileType = sourcecode.swift; path = RealmUserRepository.swift; sourceTree = "<group>"; };
		66EC97B02FCEAF2700BA27AD /* RealmHealthRepostiory.swift */ = {isa = PBXFileReference; lastKnownFileType = sourcecode.swift; path = RealmHealthRepostiory.swift; sourceTree = "<group>"; };
		66EC97B22FCEB4CF00BA27AD /* RealmWorkoutRepositroy.swift */ = {isa = PBXFileReference; lastKnownFileType = sourcecode.swift; path = RealmWorkoutRepositroy.swift; sourceTree = "<group>"; };
		66EC97B42FCEBAC900BA27AD /* KeychainAuthService.swift */ = {isa = PBXFileReference; lastKnownFileType = sourcecode.swift; path = KeychainAuthService.swift; sourceTree = "<group>"; };
		66EC97B62FCEBBD200BA27AD /* CoreLocationService.swift */ = {isa = PBXFileReference; lastKnownFileType = sourcecode.swift; path = CoreLocationService.swift; sourceTree = "<group>"; };
		66EC97B82FCEBC8200BA27AD /* CoreBluetoothService.swift */ = {isa = PBXFileReference; lastKnownFileType = sourcecode.swift; path = CoreBluetoothService.swift; sourceTree = "<group>"; };
		66EC97BA2FCEC3A400BA27AD /* AppDependencyContainer.swift */ = {isa = PBXFileReference; lastKnownFileType = sourcecode.swift; path = AppDependencyContainer.swift; sourceTree = "<group>"; };
		66EC97BE2FCEC6CF00BA27AD /* DashboardViewModel.swift */ = {isa = PBXFileReference; lastKnownFileType = sourcecode.swift; path = DashboardViewModel.swift; sourceTree = "<group>"; };
		66EC97C02FCEC85100BA27AD /* WorkoutViewModel.swift */ = {isa = PBXFileReference; lastKnownFileType = sourcecode.swift; path = WorkoutViewModel.swift; sourceTree = "<group>"; };
		66EC97C22FCEC93A00BA27AD /* ProfileViewModel.swift */ = {isa = PBXFileReference; lastKnownFileType = sourcecode.swift; path = ProfileViewModel.swift; sourceTree = "<group>"; };
		66EC97C42FCECA3E00BA27AD /* AppCoordinator.swift */ = {isa = PBXFileReference; lastKnownFileType = sourcecode.swift; path = AppCoordinator.swift; sourceTree = "<group>"; };
		66EC97C62FCEE40600BA27AD /* Color+Ext.swift */ = {isa = PBXFileReference; lastKnownFileType = sourcecode.swift; path = "Color+Ext.swift"; sourceTree = "<group>"; };
		66EC97C92FCEE9FC00BA27AD /* MetricCardView.swift */ = {isa = PBXFileReference; lastKnownFileType = sourcecode.swift; path = MetricCardView.swift; sourceTree = "<group>"; };
		66EC97CB2FCEECFC00BA27AD /* StepsProgressView.swift */ = {isa = PBXFileReference; lastKnownFileType = sourcecode.swift; path = StepsProgressView.swift; sourceTree = "<group>"; };
		66EC97CD2FCEF27C00BA27AD /* WorkoutHistoryRowView.swift */ = {isa = PBXFileReference; lastKnownFileType = sourcecode.swift; path = WorkoutHistoryRowView.swift; sourceTree = "<group>"; };
		66EC97CF2FCEF60800BA27AD /* DashboardView.swift */ = {isa = PBXFileReference; lastKnownFileType = sourcecode.swift; path = DashboardView.swift; sourceTree = "<group>"; };
		66EC97D22FCF20F600BA27AD /* WorkoutTypePickerView.swift */ = {isa = PBXFileReference; lastKnownFileType = sourcecode.swift; path = WorkoutTypePickerView.swift; sourceTree = "<group>"; };
		66EC97D42FCF246800BA27AD /* ListMetricView.swift */ = {isa = PBXFileReference; lastKnownFileType = sourcecode.swift; path = ListMetricView.swift; sourceTree = "<group>"; };
		66EC97D62FCF26EC00BA27AD /* WorkoutControlButton.swift */ = {isa = PBXFileReference; lastKnownFileType = sourcecode.swift; path = WorkoutControlButton.swift; sourceTree = "<group>"; };
		66EC97D82FCF2A6400BA27AD /* WorkoutView.swift */ = {isa = PBXFileReference; lastKnownFileType = sourcecode.swift; path = WorkoutView.swift; sourceTree = "<group>"; };
		66EC97DA2FCF421600BA27AD /* Info.plist */ = {isa = PBXFileReference; lastKnownFileType = text.plist; path = Info.plist; sourceTree = "<group>"; };
		66EC97DC2FCF546C00BA27AD /* ProfileHeaderView.swift */ = {isa = PBXFileReference; lastKnownFileType = sourcecode.swift; path = ProfileHeaderView.swift; sourceTree = "<group>"; };
		66EC97DE2FCF56FF00BA27AD /* ProfileStatRowView.swift */ = {isa = PBXFileReference; lastKnownFileType = sourcecode.swift; path = ProfileStatRowView.swift; sourceTree = "<group>"; };
		66EC97E02FCF57B600BA27AD /* ProfileView.swift */ = {isa = PBXFileReference; lastKnownFileType = sourcecode.swift; path = ProfileView.swift; sourceTree = "<group>"; };
/* End PBXFileReference section */

/* Begin PBXFrameworksBuildPhase section */
		66EC964A2FCD4D9C00BA27AD /* Frameworks */ = {
			isa = PBXFrameworksBuildPhase;
			buildActionMask = 2147483647;
			files = (
				66EC96882FCD503600BA27AD /* RealmSwift in Frameworks */,
				66EC96852FCD4F6300BA27AD /* RxSwift in Frameworks */,
				66EC96832FCD4F6300BA27AD /* RxCocoa in Frameworks */,
			);
			runOnlyForDeploymentPostprocessing = 0;
		};
/* End PBXFrameworksBuildPhase section */

/* Begin PBXGroup section */
		66EC96442FCD4D9C00BA27AD = {
			isa = PBXGroup;
			children = (
				66EC966A2FCD4E7000BA27AD /* Arise */,
				66EC964E2FCD4D9C00BA27AD /* Products */,
			);
			sourceTree = "<group>";
		};
		66EC964E2FCD4D9C00BA27AD /* Products */ = {
			isa = PBXGroup;
			children = (
				66EC964D2FCD4D9C00BA27AD /* Arise.app */,
			);
			name = Products;
			sourceTree = "<group>";
		};
		66EC966A2FCD4E7000BA27AD /* Arise */ = {
			isa = PBXGroup;
			children = (
				66EC97DA2FCF421600BA27AD /* Info.plist */,
				66EC966E2FCD4E7700BA27AD /* Core */,
				66EC96722FCD4E9C00BA27AD /* Domian */,
				66EC96712FCD4E9600BA27AD /* Data */,
				66EC96702FCD4E8B00BA27AD /* Presentation */,
				66EC966F2FCD4E8200BA27AD /* Resources */,
				66EC96672FCD4E7000BA27AD /* AriseApp.swift */,
				66EC96682FCD4E7000BA27AD /* Assets.xcassets */,
				66EC96692FCD4E7000BA27AD /* ContentView.swift */,
			);
			path = Arise;
			sourceTree = "<group>";
		};
		66EC966E2FCD4E7700BA27AD /* Core */ = {
			isa = PBXGroup;
			children = (
				66EC96742FCD4EAF00BA27AD /* DI */,
				66EC96732FCD4EA700BA27AD /* Extensions */,
			);
			path = Core;
			sourceTree = "<group>";
		};
		66EC966F2FCD4E8200BA27AD /* Resources */ = {
			isa = PBXGroup;
			children = (
				66EC96802FCD4F1200BA27AD /* Fonts */,
				66EC967F2FCD4F0900BA27AD /* Assets */,
			);
			path = Resources;
			sourceTree = "<group>";
		};
		66EC96702FCD4E8B00BA27AD /* Presentation */ = {
			isa = PBXGroup;
			children = (
				66EC967E2FCD4F0200BA27AD /* Common */,
				66EC967D2FCD4EFB00BA27AD /* Dashboard */,
				66EC967C2FCD4EF500BA27AD /* Workout */,
				66EC967B2FCD4EEE00BA27AD /* Profile */,
			);
			path = Presentation;
			sourceTree = "<group>";
		};
		66EC96712FCD4E9600BA27AD /* Data */ = {
			isa = PBXGroup;
			children = (
				66EC97A72FCE9DFC00BA27AD /* RealmObjects */,
				66EC967A2FCD4EDC00BA27AD /* Repostories */,
				66EC96792FCD4ED500BA27AD /* Services */,
				66EC96782FCD4ECE00BA27AD /* DTOs */,
			);
			path = Data;
			sourceTree = "<group>";
		};
		66EC96722FCD4E9C00BA27AD /* Domian */ = {
			isa = PBXGroup;
			children = (
				66EC96772FCD4EC300BA27AD /* Entities */,
				66EC96762FCD4EBB00BA27AD /* Interfaces */,
				66EC96752FCD4EB300BA27AD /* UseCases */,
			);
			path = Domian;
			sourceTree = "<group>";
		};
		66EC96732FCD4EA700BA27AD /* Extensions */ = {
			isa = PBXGroup;
			children = (
				66EC96A62FCD549000BA27AD /* Double+Ext.swift */,
				66EC97C62FCEE40600BA27AD /* Color+Ext.swift */,
			);
			path = Extensions;
			sourceTree = "<group>";
		};
		66EC96742FCD4EAF00BA27AD /* DI */ = {
			isa = PBXGroup;
			children = (
				66EC97BA2FCEC3A400BA27AD /* AppDependencyContainer.swift */,
				66EC97C42FCECA3E00BA27AD /* AppCoordinator.swift */,
			);
			path = DI;
			sourceTree = "<group>";
		};
		66EC96752FCD4EB300BA27AD /* UseCases */ = {
			isa = PBXGroup;
			children = (
				66EC97722FCD885100BA27AD /* Auth */,
				66EC97712FCD884B00BA27AD /* User */,
				66EC97702FCD884400BA27AD /* Workout */,
				66EC976F2FCD883E00BA27AD /* Health */,
			);
			path = UseCases;
			sourceTree = "<group>";
		};
		66EC96762FCD4EBB00BA27AD /* Interfaces */ = {
			isa = PBXGroup;
			children = (
				66EC96C52FCD671700BA27AD /* UserRepositoryProtocol.swift */,
				66EC96C72FCD686100BA27AD /* HealthRepositoryProtocol.swift */,
				66EC96C92FCD6A5100BA27AD /* WorkoutRepositoryProtocol.swift */,
				66EC96CB2FCD6CD700BA27AD /* LocationServiceProtocol.swift */,
				66EC96CD2FCD6E0700BA27AD /* BluetoothServiceProtocol.swift */,
				66EC96CF2FCD6F6200BA27AD /* AuthServiceProtocol.swift */,
			);
			path = Interfaces;
			sourceTree = "<group>";
		};
		66EC96772FCD4EC300BA27AD /* Entities */ = {
			isa = PBXGroup;
			children = (
				66EC96A42FCD521200BA27AD /* User.swift */,
				66EC96C12FCD5AD100BA27AD /* HealthMetric.swift */,
				66EC96C32FCD5E7700BA27AD /* WorkoutSession.swift */,
			);
			path = Entities;
			sourceTree = "<group>";
		};
		66EC96782FCD4ECE00BA27AD /* DTOs */ = {
			isa = PBXGroup;
			children = (
			);
			path = DTOs;
			sourceTree = "<group>";
		};
		66EC96792FCD4ED500BA27AD /* Services */ = {
			isa = PBXGroup;
			children = (
				66EC97B42FCEBAC900BA27AD /* KeychainAuthService.swift */,
				66EC97B62FCEBBD200BA27AD /* CoreLocationService.swift */,
				66EC97B82FCEBC8200BA27AD /* CoreBluetoothService.swift */,
			);
			path = Services;
			sourceTree = "<group>";
		};
		66EC967A2FCD4EDC00BA27AD /* Repostories */ = {
			isa = PBXGroup;
			children = (
				66EC97AE2FCEA86100BA27AD /* RealmUserRepository.swift */,
				66EC97B02FCEAF2700BA27AD /* RealmHealthRepostiory.swift */,
				66EC97B22FCEB4CF00BA27AD /* RealmWorkoutRepositroy.swift */,
			);
			path = Repostories;
			sourceTree = "<group>";
		};
		66EC967B2FCD4EEE00BA27AD /* Profile */ = {
			isa = PBXGroup;
			children = (
				66EC97DB2FCF52C100BA27AD /* Components */,
				66EC97C22FCEC93A00BA27AD /* ProfileViewModel.swift */,
				66EC97E02FCF57B600BA27AD /* ProfileView.swift */,
			);
			path = Profile;
			sourceTree = "<group>";
		};
		66EC967C2FCD4EF500BA27AD /* Workout */ = {
			isa = PBXGroup;
			children = (
				66EC97D12FCF20D900BA27AD /* Components */,
				66EC97C02FCEC85100BA27AD /* WorkoutViewModel.swift */,
				66EC97D82FCF2A6400BA27AD /* WorkoutView.swift */,
			);
			path = Workout;
			sourceTree = "<group>";
		};
		66EC967D2FCD4EFB00BA27AD /* Dashboard */ = {
			isa = PBXGroup;
			children = (
				66EC97C82FCEE9E600BA27AD /* Components */,
				66EC97BE2FCEC6CF00BA27AD /* DashboardViewModel.swift */,
				66EC97CF2FCEF60800BA27AD /* DashboardView.swift */,
			);
			path = Dashboard;
			sourceTree = "<group>";
		};
		66EC967E2FCD4F0200BA27AD /* Common */ = {
			isa = PBXGroup;
			children = (
			);
			path = Common;
			sourceTree = "<group>";
		};
		66EC967F2FCD4F0900BA27AD /* Assets */ = {
			isa = PBXGroup;
			children = (
			);
			path = Assets;
			sourceTree = "<group>";
		};
		66EC96802FCD4F1200BA27AD /* Fonts */ = {
			isa = PBXGroup;
			children = (
			);
			path = Fonts;
			sourceTree = "<group>";
		};
		66EC976F2FCD883E00BA27AD /* Health */ = {
			isa = PBXGroup;
			children = (
				66EC977D2FCD947800BA27AD /* FetchHealthSummaryUseCase.swift */,
			);
			path = Health;
			sourceTree = "<group>";
		};
		66EC97702FCD884400BA27AD /* Workout */ = {
			isa = PBXGroup;
			children = (
				66EC97772FCD8CBE00BA27AD /* StartWorkoutUseCase.swift */,
				66EC97792FCD904700BA27AD /* StopWorkoutUseCase.swift */,
				66EC977B2FCD93D100BA27AD /* FetchWorkoutHistoryUseCase.swift */,
			);
			path = Workout;
			sourceTree = "<group>";
		};
		66EC97712FCD884B00BA27AD /* User */ = {
			isa = PBXGroup;
			children = (
				66EC97752FCD8B5D00BA27AD /* GetCurrentUserUseCase.swift */,
			);
			path = User;
			sourceTree = "<group>";
		};
		66EC97722FCD885100BA27AD /* Auth */ = {
			isa = PBXGroup;
			children = (
				66EC97732FCD886F00BA27AD /* SignInUseCase.swift */,
			);
			path = Auth;
			sourceTree = "<group>";
		};
		66EC97A72FCE9DFC00BA27AD /* RealmObjects */ = {
			isa = PBXGroup;
			children = (
				66EC97A82FCE9E2700BA27AD /* RealmUser.swift */,
				66EC97AA2FCE9FC900BA27AD /* RealmHealthMetric.swift */,
				66EC97AC2FCEA2A300BA27AD /* RealmWorkoutSession.swift */,
			);
			path = RealmObjects;
			sourceTree = "<group>";
		};
		66EC97C82FCEE9E600BA27AD /* Components */ = {
			isa = PBXGroup;
			children = (
				66EC97C92FCEE9FC00BA27AD /* MetricCardView.swift */,
				66EC97CB2FCEECFC00BA27AD /* StepsProgressView.swift */,
				66EC97CD2FCEF27C00BA27AD /* WorkoutHistoryRowView.swift */,
			);
			path = Components;
			sourceTree = "<group>";
		};
		66EC97D12FCF20D900BA27AD /* Components */ = {
			isa = PBXGroup;
			children = (
				66EC97D22FCF20F600BA27AD /* WorkoutTypePickerView.swift */,
				66EC97D42FCF246800BA27AD /* ListMetricView.swift */,
				66EC97D62FCF26EC00BA27AD /* WorkoutControlButton.swift */,
			);
			path = Components;
			sourceTree = "<group>";
		};
		66EC97DB2FCF52C100BA27AD /* Components */ = {
			isa = PBXGroup;
			children = (
				66EC97DC2FCF546C00BA27AD /* ProfileHeaderView.swift */,
				66EC97DE2FCF56FF00BA27AD /* ProfileStatRowView.swift */,
			);
			path = Components;
			sourceTree = "<group>";
		};
/* End PBXGroup section */

/* Begin PBXNativeTarget section */
		66EC964C2FCD4D9C00BA27AD /* Arise */ = {
			isa = PBXNativeTarget;
			buildConfigurationList = 66EC96582FCD4D9D00BA27AD /* Build configuration list for PBXNativeTarget "Arise" */;
			buildPhases = (
				66EC96492FCD4D9C00BA27AD /* Sources */,
				66EC964A2FCD4D9C00BA27AD /* Frameworks */,
				66EC964B2FCD4D9C00BA27AD /* Resources */,
				66EC968A2FCD505600BA27AD /* Embed Frameworks */,
			);
			buildRules = (
			);
			dependencies = (
			);
			name = Arise;
			packageProductDependencies = (
				66EC96822FCD4F6300BA27AD /* RxCocoa */,
				66EC96842FCD4F6300BA27AD /* RxSwift */,
				66EC96872FCD503600BA27AD /* RealmSwift */,
			);
			productName = Arise;
			productReference = 66EC964D2FCD4D9C00BA27AD /* Arise.app */;
			productType = "com.apple.product-type.application";
		};
/* End PBXNativeTarget section */

/* Begin PBXProject section */
		66EC96452FCD4D9C00BA27AD /* Project object */ = {
			isa = PBXProject;
			attributes = {
				BuildIndependentTargetsInParallel = 1;
				LastSwiftUpdateCheck = 2650;
				LastUpgradeCheck = 2650;
				TargetAttributes = {
					66EC964C2FCD4D9C00BA27AD = {
						CreatedOnToolsVersion = 26.5;
					};
				};
			};
			buildConfigurationList = 66EC96482FCD4D9C00BA27AD /* Build configuration list for PBXProject "Arise" */;
			developmentRegion = en;
			hasScannedForEncodings = 0;
			knownRegions = (
				en,
				Base,
			);
			mainGroup = 66EC96442FCD4D9C00BA27AD;
			minimizedProjectReferenceProxies = 1;
			packageReferences = (
				66EC96812FCD4F6300BA27AD /* XCRemoteSwiftPackageReference "RxSwift" */,
				66EC96862FCD503600BA27AD /* XCRemoteSwiftPackageReference "realm-swift" */,
			);
			preferredProjectObjectVersion = 77;
			productRefGroup = 66EC964E2FCD4D9C00BA27AD /* Products */;
			projectDirPath = "";
			projectRoot = "";
			targets = (
				66EC964C2FCD4D9C00BA27AD /* Arise */,
			);
		};
/* End PBXProject section */

/* Begin PBXResourcesBuildPhase section */
		66EC964B2FCD4D9C00BA27AD /* Resources */ = {
			isa = PBXResourcesBuildPhase;
			buildActionMask = 2147483647;
			files = (
				66EC966D2FCD4E7000BA27AD /* Assets.xcassets in Resources */,
			);
			runOnlyForDeploymentPostprocessing = 0;
		};
/* End PBXResourcesBuildPhase section */

/* Begin PBXSourcesBuildPhase section */
		66EC96492FCD4D9C00BA27AD /* Sources */ = {
			isa = PBXSourcesBuildPhase;
			buildActionMask = 2147483647;
			files = (
				66EC97742FCD886F00BA27AD /* SignInUseCase.swift in Sources */,
				66EC97BF2FCEC6CF00BA27AD /* DashboardViewModel.swift in Sources */,
				66EC97AB2FCE9FC900BA27AD /* RealmHealthMetric.swift in Sources */,
				66EC96C62FCD671700BA27AD /* UserRepositoryProtocol.swift in Sources */,
				66EC97C12FCEC85100BA27AD /* WorkoutViewModel.swift in Sources */,
				66EC96D02FCD6F6200BA27AD /* AuthServiceProtocol.swift in Sources */,
				66EC96CA2FCD6A5100BA27AD /* WorkoutRepositoryProtocol.swift in Sources */,
				66EC97AD2FCEA2A300BA27AD /* RealmWorkoutSession.swift in Sources */,
				66EC97D52FCF246800BA27AD /* ListMetricView.swift in Sources */,
				66EC977E2FCD947800BA27AD /* FetchHealthSummaryUseCase.swift in Sources */,
				66EC96C82FCD686100BA27AD /* HealthRepositoryProtocol.swift in Sources */,
				66EC966B2FCD4E7000BA27AD /* AriseApp.swift in Sources */,
				66EC97B52FCEBAC900BA27AD /* KeychainAuthService.swift in Sources */,
				66EC97C32FCEC93A00BA27AD /* ProfileViewModel.swift in Sources */,
				66EC97CC2FCEECFC00BA27AD /* StepsProgressView.swift in Sources */,
				66EC97D92FCF2A6400BA27AD /* WorkoutView.swift in Sources */,
				66EC96CC2FCD6CD700BA27AD /* LocationServiceProtocol.swift in Sources */,
				66EC97D02FCEF60800BA27AD /* DashboardView.swift in Sources */,
				66EC97D32FCF20F600BA27AD /* WorkoutTypePickerView.swift in Sources */,
				66EC97B72FCEBBD200BA27AD /* CoreLocationService.swift in Sources */,
				66EC97E12FCF57B600BA27AD /* ProfileView.swift in Sources */,
				66EC97AF2FCEA86100BA27AD /* RealmUserRepository.swift in Sources */,
				66EC97B32FCEB4CF00BA27AD /* RealmWorkoutRepositroy.swift in Sources */,
				66EC97C52FCECA3E00BA27AD /* AppCoordinator.swift in Sources */,
				66EC97DF2FCF56FF00BA27AD /* ProfileStatRowView.swift in Sources */,
				66EC966C2FCD4E7000BA27AD /* ContentView.swift in Sources */,
				66EC96CE2FCD6E0700BA27AD /* BluetoothServiceProtocol.swift in Sources */,
				66EC97DD2FCF546C00BA27AD /* ProfileHeaderView.swift in Sources */,
				66EC97CA2FCEE9FC00BA27AD /* MetricCardView.swift in Sources */,
				66EC97762FCD8B5D00BA27AD /* GetCurrentUserUseCase.swift in Sources */,
				66EC96C42FCD5E7700BA27AD /* WorkoutSession.swift in Sources */,
				66EC97A92FCE9E2700BA27AD /* RealmUser.swift in Sources */,
				66EC96A72FCD549000BA27AD /* Double+Ext.swift in Sources */,
				66EC97D72FCF26EC00BA27AD /* WorkoutControlButton.swift in Sources */,
				66EC97CE2FCEF27C00BA27AD /* WorkoutHistoryRowView.swift in Sources */,
				66EC96C22FCD5AD100BA27AD /* HealthMetric.swift in Sources */,
				66EC97B12FCEAF2700BA27AD /* RealmHealthRepostiory.swift in Sources */,
				66EC97BB2FCEC3A400BA27AD /* AppDependencyContainer.swift in Sources */,
				66EC977A2FCD904700BA27AD /* StopWorkoutUseCase.swift in Sources */,
				66EC977C2FCD93D100BA27AD /* FetchWorkoutHistoryUseCase.swift in Sources */,
				66EC97C72FCEE40600BA27AD /* Color+Ext.swift in Sources */,
				66EC97B92FCEBC8200BA27AD /* CoreBluetoothService.swift in Sources */,
				66EC96A52FCD521200BA27AD /* User.swift in Sources */,
				66EC97782FCD8CBE00BA27AD /* StartWorkoutUseCase.swift in Sources */,
			);
			runOnlyForDeploymentPostprocessing = 0;
		};
/* End PBXSourcesBuildPhase section */

/* Begin XCBuildConfiguration section */
		66EC96562FCD4D9D00BA27AD /* Debug */ = {
			isa = XCBuildConfiguration;
			buildSettings = {
				ALWAYS_SEARCH_USER_PATHS = NO;
				ASSETCATALOG_COMPILER_GENERATE_SWIFT_ASSET_SYMBOL_EXTENSIONS = YES;
				CLANG_ANALYZER_NONNULL = YES;
				CLANG_ANALYZER_NUMBER_OBJECT_CONVERSION = YES_AGGRESSIVE;
				CLANG_CXX_LANGUAGE_STANDARD = "gnu++20";
				CLANG_ENABLE_MODULES = YES;
				CLANG_ENABLE_OBJC_ARC = YES;
				CLANG_ENABLE_OBJC_WEAK = YES;
				CLANG_WARN_BLOCK_CAPTURE_AUTORELEASING = YES;
				CLANG_WARN_BOOL_CONVERSION = YES;
				CLANG_WARN_COMMA = YES;
				CLANG_WARN_CONSTANT_CONVERSION = YES;
				CLANG_WARN_DEPRECATED_OBJC_IMPLEMENTATIONS = YES;
				CLANG_WARN_DIRECT_OBJC_ISA_USAGE = YES_ERROR;
				CLANG_WARN_DOCUMENTATION_COMMENTS = YES;
				CLANG_WARN_EMPTY_BODY = YES;
				CLANG_WARN_ENUM_CONVERSION = YES;
				CLANG_WARN_INFINITE_RECURSION = YES;
				CLANG_WARN_INT_CONVERSION = YES;
				CLANG_WARN_NON_LITERAL_NULL_CONVERSION = YES;
				CLANG_WARN_OBJC_IMPLICIT_RETAIN_SELF = YES;
				CLANG_WARN_OBJC_LITERAL_CONVERSION = YES;
				CLANG_WARN_OBJC_ROOT_CLASS = YES_ERROR;
				CLANG_WARN_QUOTED_INCLUDE_IN_FRAMEWORK_HEADER = YES;
				CLANG_WARN_RANGE_LOOP_ANALYSIS = YES;
				CLANG_WARN_STRICT_PROTOTYPES = YES;
				CLANG_WARN_SUSPICIOUS_MOVE = YES;
				CLANG_WARN_UNGUARDED_AVAILABILITY = YES_AGGRESSIVE;
				CLANG_WARN_UNREACHABLE_CODE = YES;
				CLANG_WARN__DUPLICATE_METHOD_MATCH = YES;
				COPY_PHASE_STRIP = NO;
				DEBUG_INFORMATION_FORMAT = dwarf;
				DEVELOPMENT_TEAM = 782Y4VGK55;
				ENABLE_STRICT_OBJC_MSGSEND = YES;
				ENABLE_TESTABILITY = YES;
				ENABLE_USER_SCRIPT_SANDBOXING = YES;
				GCC_C_LANGUAGE_STANDARD = gnu17;
				GCC_DYNAMIC_NO_PIC = NO;
				GCC_NO_COMMON_BLOCKS = YES;
				GCC_OPTIMIZATION_LEVEL = 0;
				GCC_PREPROCESSOR_DEFINITIONS = (
					"DEBUG=1",
					"$(inherited)",
				);
				GCC_WARN_64_TO_32_BIT_CONVERSION = YES;
				GCC_WARN_ABOUT_RETURN_TYPE = YES_ERROR;
				GCC_WARN_UNDECLARED_SELECTOR = YES;
				GCC_WARN_UNINITIALIZED_AUTOS = YES_AGGRESSIVE;
				GCC_WARN_UNUSED_FUNCTION = YES;
				GCC_WARN_UNUSED_VARIABLE = YES;
				IPHONEOS_DEPLOYMENT_TARGET = 17.6;
				LOCALIZATION_PREFERS_STRING_CATALOGS = YES;
				MTL_ENABLE_DEBUG_INFO = INCLUDE_SOURCE;
				MTL_FAST_MATH = YES;
				ONLY_ACTIVE_ARCH = YES;
				SDKROOT = iphoneos;
				SWIFT_ACTIVE_COMPILATION_CONDITIONS = "DEBUG $(inherited)";
				SWIFT_OPTIMIZATION_LEVEL = "-Onone";
			};
			name = Debug;
		};
		66EC96572FCD4D9D00BA27AD /* Release */ = {
			isa = XCBuildConfiguration;
			buildSettings = {
				ALWAYS_SEARCH_USER_PATHS = NO;
				ASSETCATALOG_COMPILER_GENERATE_SWIFT_ASSET_SYMBOL_EXTENSIONS = YES;
				CLANG_ANALYZER_NONNULL = YES;
				CLANG_ANALYZER_NUMBER_OBJECT_CONVERSION = YES_AGGRESSIVE;
				CLANG_CXX_LANGUAGE_STANDARD = "gnu++20";
				CLANG_ENABLE_MODULES = YES;
				CLANG_ENABLE_OBJC_ARC = YES;
				CLANG_ENABLE_OBJC_WEAK = YES;
				CLANG_WARN_BLOCK_CAPTURE_AUTORELEASING = YES;
				CLANG_WARN_BOOL_CONVERSION = YES;
				CLANG_WARN_COMMA = YES;
				CLANG_WARN_CONSTANT_CONVERSION = YES;
				CLANG_WARN_DEPRECATED_OBJC_IMPLEMENTATIONS = YES;
				CLANG_WARN_DIRECT_OBJC_ISA_USAGE = YES_ERROR;
				CLANG_WARN_DOCUMENTATION_COMMENTS = YES;
				CLANG_WARN_EMPTY_BODY = YES;
				CLANG_WARN_ENUM_CONVERSION = YES;
				CLANG_WARN_INFINITE_RECURSION = YES;
				CLANG_WARN_INT_CONVERSION = YES;
				CLANG_WARN_NON_LITERAL_NULL_CONVERSION = YES;
				CLANG_WARN_OBJC_IMPLICIT_RETAIN_SELF = YES;
				CLANG_WARN_OBJC_LITERAL_CONVERSION = YES;
				CLANG_WARN_OBJC_ROOT_CLASS = YES_ERROR;
				CLANG_WARN_QUOTED_INCLUDE_IN_FRAMEWORK_HEADER = YES;
				CLANG_WARN_RANGE_LOOP_ANALYSIS = YES;
				CLANG_WARN_STRICT_PROTOTYPES = YES;
				CLANG_WARN_SUSPICIOUS_MOVE = YES;
				CLANG_WARN_UNGUARDED_AVAILABILITY = YES_AGGRESSIVE;
				CLANG_WARN_UNREACHABLE_CODE = YES;
				CLANG_WARN__DUPLICATE_METHOD_MATCH = YES;
				COPY_PHASE_STRIP = NO;
				DEBUG_INFORMATION_FORMAT = "dwarf-with-dsym";
				DEVELOPMENT_TEAM = 782Y4VGK55;
				ENABLE_NS_ASSERTIONS = NO;
				ENABLE_STRICT_OBJC_MSGSEND = YES;
				ENABLE_USER_SCRIPT_SANDBOXING = YES;
				GCC_C_LANGUAGE_STANDARD = gnu17;
				GCC_NO_COMMON_BLOCKS = YES;
				GCC_WARN_64_TO_32_BIT_CONVERSION = YES;
				GCC_WARN_ABOUT_RETURN_TYPE = YES_ERROR;
				GCC_WARN_UNDECLARED_SELECTOR = YES;
				GCC_WARN_UNINITIALIZED_AUTOS = YES_AGGRESSIVE;
				GCC_WARN_UNUSED_FUNCTION = YES;
				GCC_WARN_UNUSED_VARIABLE = YES;
				IPHONEOS_DEPLOYMENT_TARGET = 17.6;
				LOCALIZATION_PREFERS_STRING_CATALOGS = YES;
				MTL_ENABLE_DEBUG_INFO = NO;
				MTL_FAST_MATH = YES;
				SDKROOT = iphoneos;
				SWIFT_COMPILATION_MODE = wholemodule;
				VALIDATE_PRODUCT = YES;
			};
			name = Release;
		};
		66EC96592FCD4D9D00BA27AD /* Debug */ = {
			isa = XCBuildConfiguration;
			buildSettings = {
				ASSETCATALOG_COMPILER_APPICON_NAME = AppIcon;
				ASSETCATALOG_COMPILER_GLOBAL_ACCENT_COLOR_NAME = AccentColor;
				CODE_SIGN_STYLE = Automatic;
				CURRENT_PROJECT_VERSION = 1;
				DEVELOPMENT_TEAM = 782Y4VGK55;
				ENABLE_PREVIEWS = YES;
				GENERATE_INFOPLIST_FILE = YES;
				INFOPLIST_FILE = Arise/Info.plist;
				INFOPLIST_KEY_LSApplicationCategoryType = "public.app-category.finance";
				INFOPLIST_KEY_UIApplicationSceneManifest_Generation = YES;
				INFOPLIST_KEY_UIApplicationSupportsIndirectInputEvents = YES;
				INFOPLIST_KEY_UILaunchScreen_Generation = YES;
				INFOPLIST_KEY_UISupportedInterfaceOrientations = UIInterfaceOrientationPortrait;
				INFOPLIST_KEY_UISupportedInterfaceOrientations_iPad = "UIInterfaceOrientationLandscapeLeft UIInterfaceOrientationLandscapeRight UIInterfaceOrientationPortrait UIInterfaceOrientationPortraitUpsideDown";
				IPHONEOS_DEPLOYMENT_TARGET = 17.6;
				LD_RUNPATH_SEARCH_PATHS = (
					"$(inherited)",
					"@executable_path/Frameworks",
				);
				MARKETING_VERSION = 1.0;
				PRODUCT_BUNDLE_IDENTIFIER = com.kirito.project.Arise;
				PRODUCT_NAME = "$(TARGET_NAME)";
				STRING_CATALOG_GENERATE_SYMBOLS = YES;
				SWIFT_APPROACHABLE_CONCURRENCY = YES;
				SWIFT_DEFAULT_ACTOR_ISOLATION = MainActor;
				SWIFT_EMIT_LOC_STRINGS = YES;
				SWIFT_UPCOMING_FEATURE_MEMBER_IMPORT_VISIBILITY = YES;
				SWIFT_VERSION = 5.0;
				TARGETED_DEVICE_FAMILY = 1;
			};
			name = Debug;
		};
		66EC965A2FCD4D9D00BA27AD /* Release */ = {
			isa = XCBuildConfiguration;
			buildSettings = {
				ASSETCATALOG_COMPILER_APPICON_NAME = AppIcon;
				ASSETCATALOG_COMPILER_GLOBAL_ACCENT_COLOR_NAME = AccentColor;
				CODE_SIGN_STYLE = Automatic;
				CURRENT_PROJECT_VERSION = 1;
				DEVELOPMENT_TEAM = 782Y4VGK55;
				ENABLE_PREVIEWS = YES;
				GENERATE_INFOPLIST_FILE = YES;
				INFOPLIST_FILE = Arise/Info.plist;
				INFOPLIST_KEY_LSApplicationCategoryType = "public.app-category.finance";
				INFOPLIST_KEY_UIApplicationSceneManifest_Generation = YES;
				INFOPLIST_KEY_UIApplicationSupportsIndirectInputEvents = YES;
				INFOPLIST_KEY_UILaunchScreen_Generation = YES;
				INFOPLIST_KEY_UISupportedInterfaceOrientations = UIInterfaceOrientationPortrait;
				INFOPLIST_KEY_UISupportedInterfaceOrientations_iPad = "UIInterfaceOrientationLandscapeLeft UIInterfaceOrientationLandscapeRight UIInterfaceOrientationPortrait UIInterfaceOrientationPortraitUpsideDown";
				IPHONEOS_DEPLOYMENT_TARGET = 17.6;
				LD_RUNPATH_SEARCH_PATHS = (
					"$(inherited)",
					"@executable_path/Frameworks",
				);
				MARKETING_VERSION = 1.0;
				PRODUCT_BUNDLE_IDENTIFIER = com.kirito.project.Arise;
				PRODUCT_NAME = "$(TARGET_NAME)";
				STRING_CATALOG_GENERATE_SYMBOLS = YES;
				SWIFT_APPROACHABLE_CONCURRENCY = YES;
				SWIFT_DEFAULT_ACTOR_ISOLATION = MainActor;
				SWIFT_EMIT_LOC_STRINGS = YES;
				SWIFT_UPCOMING_FEATURE_MEMBER_IMPORT_VISIBILITY = YES;
				SWIFT_VERSION = 5.0;
				TARGETED_DEVICE_FAMILY = 1;
			};
			name = Release;
		};
/* End XCBuildConfiguration section */

/* Begin XCConfigurationList section */
		66EC96482FCD4D9C00BA27AD /* Build configuration list for PBXProject "Arise" */ = {
			isa = XCConfigurationList;
			buildConfigurations = (
				66EC96562FCD4D9D00BA27AD /* Debug */,
				66EC96572FCD4D9D00BA27AD /* Release */,
			);
			defaultConfigurationIsVisible = 0;
			defaultConfigurationName = Release;
		};
		66EC96582FCD4D9D00BA27AD /* Build configuration list for PBXNativeTarget "Arise" */ = {
			isa = XCConfigurationList;
			buildConfigurations = (
				66EC96592FCD4D9D00BA27AD /* Debug */,
				66EC965A2FCD4D9D00BA27AD /* Release */,
			);
			defaultConfigurationIsVisible = 0;
			defaultConfigurationName = Release;
		};
/* End XCConfigurationList section */

/* Begin XCRemoteSwiftPackageReference section */
		66EC96812FCD4F6300BA27AD /* XCRemoteSwiftPackageReference "RxSwift" */ = {
			isa = XCRemoteSwiftPackageReference;
			repositoryURL = "https://github.com/ReactiveX/RxSwift";
			requirement = {
				kind = upToNextMajorVersion;
				minimumVersion = 6.10.2;
			};
		};
		66EC96862FCD503600BA27AD /* XCRemoteSwiftPackageReference "realm-swift" */ = {
			isa = XCRemoteSwiftPackageReference;
			repositoryURL = "https://github.com/realm/realm-swift";
			requirement = {
				branch = community;
				kind = branch;
			};
		};
/* End XCRemoteSwiftPackageReference section */

/* Begin XCSwiftPackageProductDependency section */
		66EC96822FCD4F6300BA27AD /* RxCocoa */ = {
			isa = XCSwiftPackageProductDependency;
			package = 66EC96812FCD4F6300BA27AD /* XCRemoteSwiftPackageReference "RxSwift" */;
			productName = RxCocoa;
		};
		66EC96842FCD4F6300BA27AD /* RxSwift */ = {
			isa = XCSwiftPackageProductDependency;
			package = 66EC96812FCD4F6300BA27AD /* XCRemoteSwiftPackageReference "RxSwift" */;
			productName = RxSwift;
		};
		66EC96872FCD503600BA27AD /* RealmSwift */ = {
			isa = XCSwiftPackageProductDependency;
			package = 66EC96862FCD503600BA27AD /* XCRemoteSwiftPackageReference "realm-swift" */;
			productName = RealmSwift;
		};
/* End XCSwiftPackageProductDependency section */
	};
	rootObject = 66EC96452FCD4D9C00BA27AD /* Project object */;
}
